
Microsoft Visual Studio Solution File, Format Version 12.00
# Visual Studio 15
VisualStudioVersion = 15.0.35431.46
MinimumVisualStudioVersion = 10.0.40219.1
Project("{FAE04EC0-301F-11D3-BF4B-00C04F79EFBC}") = "sirket ve Çalışan", "sirket ve Çalışan\sirket ve Çalışan.csproj", "{D763F132-25E7-441B-8E8A-08B0EB824C9F}"
EndProject
Global
	GlobalSection(SolutionConfigurationPlatforms) = preSolution
		Debug|Any CPU = Debug|Any CPU
		Release|Any CPU = Release|Any CPU
	EndGlobalSection
	GlobalSection(ProjectConfigurationPlatforms) = postSolution
		{D763F132-25E7-441B-8E8A-08B0EB824C9F}.Debug|Any CPU.ActiveCfg = Debug|Any CPU
		{D763F132-25E7-441B-8E8A-08B0EB824C9F}.Debug|Any CPU.Build.0 = Debug|Any CPU
		{D763F132-25E7-441B-8E8A-08B0EB824C9F}.Release|Any CPU.ActiveCfg = Release|Any CPU
		{D763F132-25E7-441B-8E8A-08B0EB824C9F}.Release|Any CPU.Build.0 = Release|Any CPU
	EndGlobalSection
	GlobalSection(SolutionProperties) = preSolution
		HideSolutionNode = FALSE
	EndGlobalSection
	GlobalSection(ExtensibilityGlobals) = postSolution
		SolutionGuid = {A6A53162-3166-4BCE-96AC-8440F96EBC07}
	EndGlobalSection
EndGlobal
