
Microsoft Visual Studio Solution File, Format Version 12.00
# Visual Studio 15
VisualStudioVersion = 15.0.35431.46
MinimumVisualStudioVersion = 10.0.40219.1
Project("{FAE04EC0-301F-11D3-BF4B-00C04F79EFBC}") = "Müşteri ve Sipariş", "Müşteri ve Sipariş\Müşteri ve Sipariş.csproj", "{E174D080-F0E6-47FC-89A6-F93D201511D8}"
EndProject
Global
	GlobalSection(SolutionConfigurationPlatforms) = preSolution
		Debug|Any CPU = Debug|Any CPU
		Release|Any CPU = Release|Any CPU
	EndGlobalSection
	GlobalSection(ProjectConfigurationPlatforms) = postSolution
		{E174D080-F0E6-47FC-89A6-F93D201511D8}.Debug|Any CPU.ActiveCfg = Debug|Any CPU
		{E174D080-F0E6-47FC-89A6-F93D201511D8}.Debug|Any CPU.Build.0 = Debug|Any CPU
		{E174D080-F0E6-47FC-89A6-F93D201511D8}.Release|Any CPU.ActiveCfg = Release|Any CPU
		{E174D080-F0E6-47FC-89A6-F93D201511D8}.Release|Any CPU.Build.0 = Release|Any CPU
	EndGlobalSection
	GlobalSection(SolutionProperties) = preSolution
		HideSolutionNode = FALSE
	EndGlobalSection
	GlobalSection(ExtensibilityGlobals) = postSolution
		SolutionGuid = {ABA2AAB7-3253-4321-ACC0-1CDBA0850955}
	EndGlobalSection
EndGlobal
