
Microsoft Visual Studio Solution File, Format Version 12.00
# Visual Studio 15
VisualStudioVersion = 15.0.35431.46
MinimumVisualStudioVersion = 10.0.40219.1
Project("{FAE04EC0-301F-11D3-BF4B-00C04F79EFBC}") = "Doktor ve Hasta", "Doktor ve Hasta\Doktor ve Hasta.csproj", "{04FD3218-F745-4D30-982A-36C714D6A468}"
EndProject
Global
	GlobalSection(SolutionConfigurationPlatforms) = preSolution
		Debug|Any CPU = Debug|Any CPU
		Release|Any CPU = Release|Any CPU
	EndGlobalSection
	GlobalSection(ProjectConfigurationPlatforms) = postSolution
		{04FD3218-F745-4D30-982A-36C714D6A468}.Debug|Any CPU.ActiveCfg = Debug|Any CPU
		{04FD3218-F745-4D30-982A-36C714D6A468}.Debug|Any CPU.Build.0 = Debug|Any CPU
		{04FD3218-F745-4D30-982A-36C714D6A468}.Release|Any CPU.ActiveCfg = Release|Any CPU
		{04FD3218-F745-4D30-982A-36C714D6A468}.Release|Any CPU.Build.0 = Release|Any CPU
	EndGlobalSection
	GlobalSection(SolutionProperties) = preSolution
		HideSolutionNode = FALSE
	EndGlobalSection
	GlobalSection(ExtensibilityGlobals) = postSolution
		SolutionGuid = {A4822E1C-0E97-4BF8-BDE3-694B3839D935}
	EndGlobalSection
EndGlobal
