
Microsoft Visual Studio Solution File, Format Version 12.00
# Visual Studio 15
VisualStudioVersion = 15.0.35431.46
MinimumVisualStudioVersion = 10.0.40219.1
Project("{FAE04EC0-301F-11D3-BF4B-00C04F79EFBC}") = "Ürün ve Sipariş", "Ürün ve Sipariş\Ürün ve Sipariş.csproj", "{36DBE3CC-8BE3-493C-AAAC-26D2BC6BC7CE}"
EndProject
Global
	GlobalSection(SolutionConfigurationPlatforms) = preSolution
		Debug|Any CPU = Debug|Any CPU
		Release|Any CPU = Release|Any CPU
	EndGlobalSection
	GlobalSection(ProjectConfigurationPlatforms) = postSolution
		{36DBE3CC-8BE3-493C-AAAC-26D2BC6BC7CE}.Debug|Any CPU.ActiveCfg = Debug|Any CPU
		{36DBE3CC-8BE3-493C-AAAC-26D2BC6BC7CE}.Debug|Any CPU.Build.0 = Debug|Any CPU
		{36DBE3CC-8BE3-493C-AAAC-26D2BC6BC7CE}.Release|Any CPU.ActiveCfg = Release|Any CPU
		{36DBE3CC-8BE3-493C-AAAC-26D2BC6BC7CE}.Release|Any CPU.Build.0 = Release|Any CPU
	EndGlobalSection
	GlobalSection(SolutionProperties) = preSolution
		HideSolutionNode = FALSE
	EndGlobalSection
	GlobalSection(ExtensibilityGlobals) = postSolution
		SolutionGuid = {39E83ABE-AC18-4122-97FD-DC0E30508112}
	EndGlobalSection
EndGlobal
